
Microsoft Visual Studio Solution File, Format Version 12.00
# Visual Studio Version 17
VisualStudioVersion = 17.0.31903.59
MinimumVisualStudioVersion = 10.0.40219.1
Project("{FAE04EC0-301F-11D3-BF4B-00C04F79EFBC}") = "Ödev", "Ödev\Ödev.csproj", "{512D72AA-F1C1-4F86-8AE3-5CA544391BE2}"
EndProject
Global
	GlobalSection(SolutionConfigurationPlatforms) = preSolution
		Debug|Any CPU = Debug|Any CPU
		Release|Any CPU = Release|Any CPU
	EndGlobalSection
	GlobalSection(ProjectConfigurationPlatforms) = postSolution
		{512D72AA-F1C1-4F86-8AE3-5CA544391BE2}.Debug|Any CPU.ActiveCfg = Debug|Any CPU
		{512D72AA-F1C1-4F86-8AE3-5CA544391BE2}.Debug|Any CPU.Build.0 = Debug|Any CPU
		{512D72AA-F1C1-4F86-8AE3-5CA544391BE2}.Release|Any CPU.ActiveCfg = Release|Any CPU
		{512D72AA-F1C1-4F86-8AE3-5CA544391BE2}.Release|Any CPU.Build.0 = Release|Any CPU
	EndGlobalSection
	GlobalSection(SolutionProperties) = preSolution
		HideSolutionNode = FALSE
	EndGlobalSection
	GlobalSection(ExtensibilityGlobals) = postSolution
		SolutionGuid = {005F4847-73C4-4EE3-AC0B-0EDA00C87017}
	EndGlobalSection
EndGlobal
